// !$*UTF8*$!
{
	archiveVersion = 1;
	classes = {
	};
	objectVersion = 50;
	objects = {

/* Begin PBXBuildFile section */
		3EF8BE4854E7206EFECFC089 /* Pods_CryptoCompare.framework in Frameworks */ = {isa = PBXBuildFile; fileRef = 62DA7384447FF3828FD93DE2 /* Pods_CryptoCompare.framework */; };
		746BCF17CE70F164D80F6F0B /* Pods_CryptoCompare_CryptoCompareUITests.framework in Frameworks */ = {isa = PBXBuildFile; fileRef = 5B402308B8D7C5DDC5D64623 /* Pods_CryptoCompare_CryptoCompareUITests.framework */; };
		7EB933AC543A6A1AF2C1096B /* Pods_CryptoCompare_CryptoCompareTests.framework in Frameworks */ = {isa = PBXBuildFile; fileRef = AB00E6BBD4EEBAB1C4517687 /* Pods_CryptoCompare_CryptoCompareTests.framework */; };
		B818CECD21BAD30600332619 /* CoordinatorProtocol.swift in Sources */ = {isa = PBXBuildFile; fileRef = B818CECC21BAD30600332619 /* CoordinatorProtocol.swift */; };
		B818CECF21BAD31000332619 /* AppCoordinator.swift in Sources */ = {isa = PBXBuildFile; fileRef = B818CECE21BAD31000332619 /* AppCoordinator.swift */; };
		B818CED421BAD49200332619 /* CryptoListCoordinator.swift in Sources */ = {isa = PBXBuildFile; fileRef = B818CED321BAD49200332619 /* CryptoListCoordinator.swift */; };
		B818CEDA21BAD66200332619 /* BaseViewController.swift in Sources */ = {isa = PBXBuildFile; fileRef = B818CED921BAD66200332619 /* BaseViewController.swift */; };
		B818CEDC21BAD67D00332619 /* CryptoListViewController.swift in Sources */ = {isa = PBXBuildFile; fileRef = B818CEDB21BAD67D00332619 /* CryptoListViewController.swift */; };
		B818CEDE21BAD6D300332619 /* CryptoListViewModel.swift in Sources */ = {isa = PBXBuildFile; fileRef = B818CEDD21BAD6D300332619 /* CryptoListViewModel.swift */; };
		B818CEE021BADA7600332619 /* CryptoCurrency.swift in Sources */ = {isa = PBXBuildFile; fileRef = B818CEDF21BADA7600332619 /* CryptoCurrency.swift */; };
		B818CEE321BADCFC00332619 /* Constants.swift in Sources */ = {isa = PBXBuildFile; fileRef = B818CEE221BADCFC00332619 /* Constants.swift */; };
		B899376221BE8504004AFA55 /* CryptoTableViewCell.swift in Sources */ = {isa = PBXBuildFile; fileRef = B899376121BE8504004AFA55 /* CryptoTableViewCell.swift */; };
		B899376421BE8F1A004AFA55 /* BaseViewModel.swift in Sources */ = {isa = PBXBuildFile; fileRef = B899376321BE8F1A004AFA55 /* BaseViewModel.swift */; };
		B89CBF86219ECC0A00E9583C /* AppDelegate.swift in Sources */ = {isa = PBXBuildFile; fileRef = B89CBF85219ECC0A00E9583C /* AppDelegate.swift */; };
		B89CBF8B219ECC0A00E9583C /* Main.storyboard in Resources */ = {isa = PBXBuildFile; fileRef = B89CBF89219ECC0A00E9583C /* Main.storyboard */; };
		B89CBF8D219ECC0B00E9583C /* Assets.xcassets in Resources */ = {isa = PBXBuildFile; fileRef = B89CBF8C219ECC0B00E9583C /* Assets.xcassets */; };
		B89CBF90219ECC0B00E9583C /* LaunchScreen.storyboard in Resources */ = {isa = PBXBuildFile; fileRef = B89CBF8E219ECC0B00E9583C /* LaunchScreen.storyboard */; };
		B89CBFA6219ECC0B00E9583C /* CryptoCompareUITests.swift in Sources */ = {isa = PBXBuildFile; fileRef = B89CBFA5219ECC0B00E9583C /* CryptoCompareUITests.swift */; };
		B8B3F70A21C7FBED0002D97D /* Utils.swift in Sources */ = {isa = PBXBuildFile; fileRef = B8B3F70921C7FBED0002D97D /* Utils.swift */; };
		B8BB1C2221BFE04300A8828E /* CryptoListViewModelTest.swift in Sources */ = {isa = PBXBuildFile; fileRef = B8BB1C2121BFE04300A8828E /* CryptoListViewModelTest.swift */; };
		B8BB1C2A21C0097800A8828E /* CMCRepository.swift in Sources */ = {isa = PBXBuildFile; fileRef = B8BB1C2921C0097800A8828E /* CMCRepository.swift */; };
		D0B1209021C674880031E4A3 /* Layout.swift in Sources */ = {isa = PBXBuildFile; fileRef = D0B1208F21C674880031E4A3 /* Layout.swift */; };
		D0B1209321C677420031E4A3 /* BaseViewModelProtocol.swift in Sources */ = {isa = PBXBuildFile; fileRef = D0B1209221C677420031E4A3 /* BaseViewModelProtocol.swift */; };
		D0B1209521C677F20031E4A3 /* BaseViewProtocol.swift in Sources */ = {isa = PBXBuildFile; fileRef = D0B1209421C677F20031E4A3 /* BaseViewProtocol.swift */; };
/* End PBXBuildFile section */

/* Begin PBXContainerItemProxy section */
		B89CBF97219ECC0B00E9583C /* PBXContainerItemProxy */ = {
			isa = PBXContainerItemProxy;
			containerPortal = B89CBF7A219ECC0A00E9583C /* Project object */;
			proxyType = 1;
			remoteGlobalIDString = B89CBF81219ECC0A00E9583C;
			remoteInfo = CryptoCompare;
		};
		B89CBFA2219ECC0B00E9583C /* PBXContainerItemProxy */ = {
			isa = PBXContainerItemProxy;
			containerPortal = B89CBF7A219ECC0A00E9583C /* Project object */;
			proxyType = 1;
			remoteGlobalIDString = B89CBF81219ECC0A00E9583C;
			remoteInfo = CryptoCompare;
		};
/* End PBXContainerItemProxy section */

/* Begin PBXFileReference section */
		0F6167CE07B888F1D70C7858 /* Pods-CryptoCompare.debug.xcconfig */ = {isa = PBXFileReference; includeInIndex = 1; lastKnownFileType = text.xcconfig; name = "Pods-CryptoCompare.debug.xcconfig"; path = "Pods/Target Support Files/Pods-CryptoCompare/Pods-CryptoCompare.debug.xcconfig"; sourceTree = "<group>"; };
		582AE352032D09ED136E3915 /* Pods-CryptoCompare.release.xcconfig */ = {isa = PBXFileReference; includeInIndex = 1; lastKnownFileType = text.xcconfig; name = "Pods-CryptoCompare.release.xcconfig"; path = "Pods/Target Support Files/Pods-CryptoCompare/Pods-CryptoCompare.release.xcconfig"; sourceTree = "<group>"; };
		5B402308B8D7C5DDC5D64623 /* Pods_CryptoCompare_CryptoCompareUITests.framework */ = {isa = PBXFileReference; explicitFileType = wrapper.framework; includeInIndex = 0; path = Pods_CryptoCompare_CryptoCompareUITests.framework; sourceTree = BUILT_PRODUCTS_DIR; };
		5E4FA2E0C7379CD669C3FC52 /* Pods-CryptoCompare-CryptoCompareUITests.release.xcconfig */ = {isa = PBXFileReference; includeInIndex = 1; lastKnownFileType = text.xcconfig; name = "Pods-CryptoCompare-CryptoCompareUITests.release.xcconfig"; path = "Pods/Target Support Files/Pods-CryptoCompare-CryptoCompareUITests/Pods-CryptoCompare-CryptoCompareUITests.release.xcconfig"; sourceTree = "<group>"; };
		62DA7384447FF3828FD93DE2 /* Pods_CryptoCompare.framework */ = {isa = PBXFileReference; explicitFileType = wrapper.framework; includeInIndex = 0; path = Pods_CryptoCompare.framework; sourceTree = BUILT_PRODUCTS_DIR; };
		8521A9B9A07C372C7A8D0343 /* Pods-CryptoCompare-CryptoCompareUITests.debug.xcconfig */ = {isa = PBXFileReference; includeInIndex = 1; lastKnownFileType = text.xcconfig; name = "Pods-CryptoCompare-CryptoCompareUITests.debug.xcconfig"; path = "Pods/Target Support Files/Pods-CryptoCompare-CryptoCompareUITests/Pods-CryptoCompare-CryptoCompareUITests.debug.xcconfig"; sourceTree = "<group>"; };
		9C91B6F3436A2FAD0EB9777D /* Pods-CryptoCompare-CryptoCompareTests.debug.xcconfig */ = {isa = PBXFileReference; includeInIndex = 1; lastKnownFileType = text.xcconfig; name = "Pods-CryptoCompare-CryptoCompareTests.debug.xcconfig"; path = "Pods/Target Support Files/Pods-CryptoCompare-CryptoCompareTests/Pods-CryptoCompare-CryptoCompareTests.debug.xcconfig"; sourceTree = "<group>"; };
		AB00E6BBD4EEBAB1C4517687 /* Pods_CryptoCompare_CryptoCompareTests.framework */ = {isa = PBXFileReference; explicitFileType = wrapper.framework; includeInIndex = 0; path = Pods_CryptoCompare_CryptoCompareTests.framework; sourceTree = BUILT_PRODUCTS_DIR; };
		AEE053E7161E3AC3B678010F /* Pods-CryptoCompare-CryptoCompareTests.release.xcconfig */ = {isa = PBXFileReference; includeInIndex = 1; lastKnownFileType = text.xcconfig; name = "Pods-CryptoCompare-CryptoCompareTests.release.xcconfig"; path = "Pods/Target Support Files/Pods-CryptoCompare-CryptoCompareTests/Pods-CryptoCompare-CryptoCompareTests.release.xcconfig"; sourceTree = "<group>"; };
		B818CECC21BAD30600332619 /* CoordinatorProtocol.swift */ = {isa = PBXFileReference; lastKnownFileType = sourcecode.swift; path = CoordinatorProtocol.swift; sourceTree = "<group>"; };
		B818CECE21BAD31000332619 /* AppCoordinator.swift */ = {isa = PBXFileReference; lastKnownFileType = sourcecode.swift; path = AppCoordinator.swift; sourceTree = "<group>"; };
		B818CED321BAD49200332619 /* CryptoListCoordinator.swift */ = {isa = PBXFileReference; lastKnownFileType = sourcecode.swift; path = CryptoListCoordinator.swift; sourceTree = "<group>"; };
		B818CED921BAD66200332619 /* BaseViewController.swift */ = {isa = PBXFileReference; lastKnownFileType = sourcecode.swift; path = BaseViewController.swift; sourceTree = "<group>"; };
		B818CEDB21BAD67D00332619 /* CryptoListViewController.swift */ = {isa = PBXFileReference; lastKnownFileType = sourcecode.swift; path = CryptoListViewController.swift; sourceTree = "<group>"; };
		B818CEDD21BAD6D300332619 /* CryptoListViewModel.swift */ = {isa = PBXFileReference; lastKnownFileType = sourcecode.swift; path = CryptoListViewModel.swift; sourceTree = "<group>"; };
		B818CEDF21BADA7600332619 /* CryptoCurrency.swift */ = {isa = PBXFileReference; lastKnownFileType = sourcecode.swift; path = CryptoCurrency.swift; sourceTree = "<group>"; };
		B818CEE221BADCFC00332619 /* Constants.swift */ = {isa = PBXFileReference; lastKnownFileType = sourcecode.swift; path = Constants.swift; sourceTree = "<group>"; };
		B899376121BE8504004AFA55 /* CryptoTableViewCell.swift */ = {isa = PBXFileReference; lastKnownFileType = sourcecode.swift; path = CryptoTableViewCell.swift; sourceTree = "<group>"; };
		B899376321BE8F1A004AFA55 /* BaseViewModel.swift */ = {isa = PBXFileReference; lastKnownFileType = sourcecode.swift; path = BaseViewModel.swift; sourceTree = "<group>"; };
		B89CBF82219ECC0A00E9583C /* CryptoCompare.app */ = {isa = PBXFileReference; explicitFileType = wrapper.application; includeInIndex = 0; path = CryptoCompare.app; sourceTree = BUILT_PRODUCTS_DIR; };
		B89CBF85219ECC0A00E9583C /* AppDelegate.swift */ = {isa = PBXFileReference; lastKnownFileType = sourcecode.swift; path = AppDelegate.swift; sourceTree = "<group>"; };
		B89CBF8A219ECC0A00E9583C /* Base */ = {isa = PBXFileReference; lastKnownFileType = file.storyboard; name = Base; path = Base.lproj/Main.storyboard; sourceTree = "<group>"; };
		B89CBF8C219ECC0B00E9583C /* Assets.xcassets */ = {isa = PBXFileReference; lastKnownFileType = folder.assetcatalog; path = Assets.xcassets; sourceTree = "<group>"; };
		B89CBF8F219ECC0B00E9583C /* Base */ = {isa = PBXFileReference; lastKnownFileType = file.storyboard; name = Base; path = Base.lproj/LaunchScreen.storyboard; sourceTree = "<group>"; };
		B89CBF91219ECC0B00E9583C /* Info.plist */ = {isa = PBXFileReference; lastKnownFileType = text.plist.xml; path = Info.plist; sourceTree = "<group>"; };
		B89CBF96219ECC0B00E9583C /* CryptoCompareTests.xctest */ = {isa = PBXFileReference; explicitFileType = wrapper.cfbundle; includeInIndex = 0; path = CryptoCompareTests.xctest; sourceTree = BUILT_PRODUCTS_DIR; };
		B89CBF9C219ECC0B00E9583C /* Info.plist */ = {isa = PBXFileReference; lastKnownFileType = text.plist.xml; path = Info.plist; sourceTree = "<group>"; };
		B89CBFA1219ECC0B00E9583C /* CryptoCompareUITests.xctest */ = {isa = PBXFileReference; explicitFileType = wrapper.cfbundle; includeInIndex = 0; path = CryptoCompareUITests.xctest; sourceTree = BUILT_PRODUCTS_DIR; };
		B89CBFA5219ECC0B00E9583C /* CryptoCompareUITests.swift */ = {isa = PBXFileReference; lastKnownFileType = sourcecode.swift; path = CryptoCompareUITests.swift; sourceTree = "<group>"; };
		B89CBFA7219ECC0B00E9583C /* Info.plist */ = {isa = PBXFileReference; lastKnownFileType = text.plist.xml; path = Info.plist; sourceTree = "<group>"; };
		B8B3F70921C7FBED0002D97D /* Utils.swift */ = {isa = PBXFileReference; lastKnownFileType = sourcecode.swift; path = Utils.swift; sourceTree = "<group>"; };
		B8BB1C2121BFE04300A8828E /* CryptoListViewModelTest.swift */ = {isa = PBXFileReference; lastKnownFileType = sourcecode.swift; path = CryptoListViewModelTest.swift; sourceTree = "<group>"; };
		B8BB1C2921C0097800A8828E /* CMCRepository.swift */ = {isa = PBXFileReference; lastKnownFileType = sourcecode.swift; path = CMCRepository.swift; sourceTree = "<group>"; };
		D0B1208F21C674880031E4A3 /* Layout.swift */ = {isa = PBXFileReference; lastKnownFileType = sourcecode.swift; path = Layout.swift; sourceTree = "<group>"; };
		D0B1209221C677420031E4A3 /* BaseViewModelProtocol.swift */ = {isa = PBXFileReference; lastKnownFileType = sourcecode.swift; path = BaseViewModelProtocol.swift; sourceTree = "<group>"; };
		D0B1209421C677F20031E4A3 /* BaseViewProtocol.swift */ = {isa = PBXFileReference; lastKnownFileType = sourcecode.swift; path = BaseViewProtocol.swift; sourceTree = "<group>"; };
/* End PBXFileReference section */

/* Begin PBXFrameworksBuildPhase section */
		B89CBF7F219ECC0A00E9583C /* Frameworks */ = {
			isa = PBXFrameworksBuildPhase;
			buildActionMask = 2147483647;
			files = (
				3EF8BE4854E7206EFECFC089 /* Pods_CryptoCompare.framework in Frameworks */,
			);
			runOnlyForDeploymentPostprocessing = 0;
		};
		B89CBF93219ECC0B00E9583C /* Frameworks */ = {
			isa = PBXFrameworksBuildPhase;
			buildActionMask = 2147483647;
			files = (
				7EB933AC543A6A1AF2C1096B /* Pods_CryptoCompare_CryptoCompareTests.framework in Frameworks */,
			);
			runOnlyForDeploymentPostprocessing = 0;
		};
		B89CBF9E219ECC0B00E9583C /* Frameworks */ = {
			isa = PBXFrameworksBuildPhase;
			buildActionMask = 2147483647;
			files = (
				746BCF17CE70F164D80F6F0B /* Pods_CryptoCompare_CryptoCompareUITests.framework in Frameworks */,
			);
			runOnlyForDeploymentPostprocessing = 0;
		};
/* End PBXFrameworksBuildPhase section */

/* Begin PBXGroup section */
		8B9272B0B32F08E62FA0BD86 /* Pods */ = {
			isa = PBXGroup;
			children = (
				0F6167CE07B888F1D70C7858 /* Pods-CryptoCompare.debug.xcconfig */,
				582AE352032D09ED136E3915 /* Pods-CryptoCompare.release.xcconfig */,
				9C91B6F3436A2FAD0EB9777D /* Pods-CryptoCompare-CryptoCompareTests.debug.xcconfig */,
				AEE053E7161E3AC3B678010F /* Pods-CryptoCompare-CryptoCompareTests.release.xcconfig */,
				8521A9B9A07C372C7A8D0343 /* Pods-CryptoCompare-CryptoCompareUITests.debug.xcconfig */,
				5E4FA2E0C7379CD669C3FC52 /* Pods-CryptoCompare-CryptoCompareUITests.release.xcconfig */,
			);
			name = Pods;
			sourceTree = "<group>";
		};
		B818CECB21BAD2E700332619 /* Coordinator */ = {
			isa = PBXGroup;
			children = (
				B818CECC21BAD30600332619 /* CoordinatorProtocol.swift */,
				B818CECE21BAD31000332619 /* AppCoordinator.swift */,
			);
			path = Coordinator;
			sourceTree = "<group>";
		};
		B818CED021BAD3F100332619 /* Coordinator */ = {
			isa = PBXGroup;
			children = (
				B818CED321BAD49200332619 /* CryptoListCoordinator.swift */,
			);
			path = Coordinator;
			sourceTree = "<group>";
		};
		B818CED121BAD3FB00332619 /* View */ = {
			isa = PBXGroup;
			children = (
				B899376021BE84D1004AFA55 /* Cell */,
				B818CEDB21BAD67D00332619 /* CryptoListViewController.swift */,
			);
			path = View;
			sourceTree = "<group>";
		};
		B818CED221BAD40200332619 /* ViewModel */ = {
			isa = PBXGroup;
			children = (
				B818CEDD21BAD6D300332619 /* CryptoListViewModel.swift */,
			);
			path = ViewModel;
			sourceTree = "<group>";
		};
		B818CED721BAD63400332619 /* ViewModel */ = {
			isa = PBXGroup;
			children = (
				B899376321BE8F1A004AFA55 /* BaseViewModel.swift */,
			);
			path = ViewModel;
			sourceTree = "<group>";
		};
		B818CED821BAD64800332619 /* View */ = {
			isa = PBXGroup;
			children = (
				B818CED921BAD66200332619 /* BaseViewController.swift */,
			);
			path = View;
			sourceTree = "<group>";
		};
		B818CEE121BADCF000332619 /* Constants */ = {
			isa = PBXGroup;
			children = (
				B818CEE221BADCFC00332619 /* Constants.swift */,
			);
			path = Constants;
			sourceTree = "<group>";
		};
		B821313321A308C000F18CC1 /* App */ = {
			isa = PBXGroup;
			children = (
				B89CBF85219ECC0A00E9583C /* AppDelegate.swift */,
				B8B3F70621C7FA320002D97D /* Extensions */,
				B818CEE121BADCF000332619 /* Constants */,
				B818CECB21BAD2E700332619 /* Coordinator */,
				B89CBF8C219ECC0B00E9583C /* Assets.xcassets */,
			);
			path = App;
			sourceTree = "<group>";
		};
		B821313421A308DD00F18CC1 /* Layouts */ = {
			isa = PBXGroup;
			children = (
				D0B1208F21C674880031E4A3 /* Layout.swift */,
				D0B1208E21C57D9A0031E4A3 /* Launch */,
				D0B1208D21C57D580031E4A3 /* List */,
			);
			path = Layouts;
			sourceTree = "<group>";
		};
		B821313521A3092500F18CC1 /* Network */ = {
			isa = PBXGroup;
			children = (
				B8BB1C2821C0095600A8828E /* CMCRepoistory */,
			);
			path = Network;
			sourceTree = "<group>";
		};
		B821313621A3097F00F18CC1 /* Models */ = {
			isa = PBXGroup;
			children = (
				B818CEDF21BADA7600332619 /* CryptoCurrency.swift */,
			);
			path = Models;
			sourceTree = "<group>";
		};
		B899376021BE84D1004AFA55 /* Cell */ = {
			isa = PBXGroup;
			children = (
				B899376121BE8504004AFA55 /* CryptoTableViewCell.swift */,
			);
			path = Cell;
			sourceTree = "<group>";
		};
		B89CBF79219ECC0A00E9583C = {
			isa = PBXGroup;
			children = (
				B89CBF84219ECC0A00E9583C /* CryptoCompare */,
				B89CBF99219ECC0B00E9583C /* CryptoCompareTests */,
				B89CBFA4219ECC0B00E9583C /* CryptoCompareUITests */,
				B89CBF83219ECC0A00E9583C /* Products */,
				8B9272B0B32F08E62FA0BD86 /* Pods */,
				E85B34BE9BE8B18FF51E9478 /* Frameworks */,
			);
			sourceTree = "<group>";
		};
		B89CBF83219ECC0A00E9583C /* Products */ = {
			isa = PBXGroup;
			children = (
				B89CBF82219ECC0A00E9583C /* CryptoCompare.app */,
				B89CBF96219ECC0B00E9583C /* CryptoCompareTests.xctest */,
				B89CBFA1219ECC0B00E9583C /* CryptoCompareUITests.xctest */,
			);
			name = Products;
			sourceTree = "<group>";
		};
		B89CBF84219ECC0A00E9583C /* CryptoCompare */ = {
			isa = PBXGroup;
			children = (
				B89CBF91219ECC0B00E9583C /* Info.plist */,
				B821313321A308C000F18CC1 /* App */,
				B821313621A3097F00F18CC1 /* Models */,
				B89CBFB3219F28D000E9583C /* Modules */,
				B821313521A3092500F18CC1 /* Network */,
				B821313421A308DD00F18CC1 /* Layouts */,
			);
			path = CryptoCompare;
			sourceTree = "<group>";
		};
		B89CBF99219ECC0B00E9583C /* CryptoCompareTests */ = {
			isa = PBXGroup;
			children = (
				B8BB1C2721BFE72300A8828E /* Mocks */,
				B8BB1C1E21BFD60D00A8828E /* CryptoList */,
				B89CBF9C219ECC0B00E9583C /* Info.plist */,
			);
			path = CryptoCompareTests;
			sourceTree = "<group>";
		};
		B89CBFA4219ECC0B00E9583C /* CryptoCompareUITests */ = {
			isa = PBXGroup;
			children = (
				B89CBFA5219ECC0B00E9583C /* CryptoCompareUITests.swift */,
				B89CBFA7219ECC0B00E9583C /* Info.plist */,
			);
			path = CryptoCompareUITests;
			sourceTree = "<group>";
		};
		B89CBFB3219F28D000E9583C /* Modules */ = {
			isa = PBXGroup;
			children = (
				B89CBFB5219F28EB00E9583C /* Generic */,
				B89CBFB4219F28DF00E9583C /* CryptoList */,
			);
			path = Modules;
			sourceTree = "<group>";
		};
		B89CBFB4219F28DF00E9583C /* CryptoList */ = {
			isa = PBXGroup;
			children = (
				B818CED221BAD40200332619 /* ViewModel */,
				B818CED121BAD3FB00332619 /* View */,
				B818CED021BAD3F100332619 /* Coordinator */,
			);
			path = CryptoList;
			sourceTree = "<group>";
		};
		B89CBFB5219F28EB00E9583C /* Generic */ = {
			isa = PBXGroup;
			children = (
				D0B1209121C6772D0031E4A3 /* Protocols */,
				B818CED721BAD63400332619 /* ViewModel */,
				B818CED821BAD64800332619 /* View */,
			);
			path = Generic;
			sourceTree = "<group>";
		};
		B8B3F70621C7FA320002D97D /* Extensions */ = {
			isa = PBXGroup;
			children = (
				B8B3F70921C7FBED0002D97D /* Utils.swift */,
			);
			path = Extensions;
			sourceTree = "<group>";
		};
		B8BB1C1E21BFD60D00A8828E /* CryptoList */ = {
			isa = PBXGroup;
			children = (
				B8BB1C2121BFE04300A8828E /* CryptoListViewModelTest.swift */,
			);
			path = CryptoList;
			sourceTree = "<group>";
		};
		B8BB1C2721BFE72300A8828E /* Mocks */ = {
			isa = PBXGroup;
			children = (
			);
			path = Mocks;
			sourceTree = "<group>";
		};
		B8BB1C2821C0095600A8828E /* CMCRepoistory */ = {
			isa = PBXGroup;
			children = (
				B8BB1C2921C0097800A8828E /* CMCRepository.swift */,
			);
			path = CMCRepoistory;
			sourceTree = "<group>";
		};
		D0B1208D21C57D580031E4A3 /* List */ = {
			isa = PBXGroup;
			children = (
				B89CBF89219ECC0A00E9583C /* Main.storyboard */,
			);
			path = List;
			sourceTree = "<group>";
		};
		D0B1208E21C57D9A0031E4A3 /* Launch */ = {
			isa = PBXGroup;
			children = (
				B89CBF8E219ECC0B00E9583C /* LaunchScreen.storyboard */,
			);
			path = Launch;
			sourceTree = "<group>";
		};
		D0B1209121C6772D0031E4A3 /* Protocols */ = {
			isa = PBXGroup;
			children = (
				D0B1209221C677420031E4A3 /* BaseViewModelProtocol.swift */,
				D0B1209421C677F20031E4A3 /* BaseViewProtocol.swift */,
			);
			path = Protocols;
			sourceTree = "<group>";
		};
		E85B34BE9BE8B18FF51E9478 /* Frameworks */ = {
			isa = PBXGroup;
			children = (
				62DA7384447FF3828FD93DE2 /* Pods_CryptoCompare.framework */,
				AB00E6BBD4EEBAB1C4517687 /* Pods_CryptoCompare_CryptoCompareTests.framework */,
				5B402308B8D7C5DDC5D64623 /* Pods_CryptoCompare_CryptoCompareUITests.framework */,
			);
			name = Frameworks;
			sourceTree = "<group>";
		};
/* End PBXGroup section */

/* Begin PBXNativeTarget section */
		B89CBF81219ECC0A00E9583C /* CryptoCompare */ = {
			isa = PBXNativeTarget;
			buildConfigurationList = B89CBFAA219ECC0B00E9583C /* Build configuration list for PBXNativeTarget "CryptoCompare" */;
			buildPhases = (
				6AC32C6629C031B1D0CCC5B4 /* [CP] Check Pods Manifest.lock */,
				B89CBF7E219ECC0A00E9583C /* Sources */,
				B89CBF7F219ECC0A00E9583C /* Frameworks */,
				B89CBF80219ECC0A00E9583C /* Resources */,
				B66C99C093FF5562611639BF /* [CP] Embed Pods Frameworks */,
			);
			buildRules = (
			);
			dependencies = (
			);
			name = CryptoCompare;
			productName = CryptoCompare;
			productReference = B89CBF82219ECC0A00E9583C /* CryptoCompare.app */;
			productType = "com.apple.product-type.application";
		};
		B89CBF95219ECC0B00E9583C /* CryptoCompareTests */ = {
			isa = PBXNativeTarget;
			buildConfigurationList = B89CBFAD219ECC0B00E9583C /* Build configuration list for PBXNativeTarget "CryptoCompareTests" */;
			buildPhases = (
				FA3A73C58807491B0B37CA22 /* [CP] Check Pods Manifest.lock */,
				B89CBF92219ECC0B00E9583C /* Sources */,
				B89CBF93219ECC0B00E9583C /* Frameworks */,
				B89CBF94219ECC0B00E9583C /* Resources */,
				1BF43E1A271B5E8DF3935BEB /* [CP] Embed Pods Frameworks */,
			);
			buildRules = (
			);
			dependencies = (
				B89CBF98219ECC0B00E9583C /* PBXTargetDependency */,
			);
			name = CryptoCompareTests;
			productName = CryptoCompareTests;
			productReference = B89CBF96219ECC0B00E9583C /* CryptoCompareTests.xctest */;
			productType = "com.apple.product-type.bundle.unit-test";
		};
		B89CBFA0219ECC0B00E9583C /* CryptoCompareUITests */ = {
			isa = PBXNativeTarget;
			buildConfigurationList = B89CBFB0219ECC0B00E9583C /* Build configuration list for PBXNativeTarget "CryptoCompareUITests" */;
			buildPhases = (
				DEB9FFA92C5FA99A4E3A5A05 /* [CP] Check Pods Manifest.lock */,
				B89CBF9D219ECC0B00E9583C /* Sources */,
				B89CBF9E219ECC0B00E9583C /* Frameworks */,
				B89CBF9F219ECC0B00E9583C /* Resources */,
				65BAB1833881F989106BA13D /* [CP] Embed Pods Frameworks */,
			);
			buildRules = (
			);
			dependencies = (
				B89CBFA3219ECC0B00E9583C /* PBXTargetDependency */,
			);
			name = CryptoCompareUITests;
			productName = CryptoCompareUITests;
			productReference = B89CBFA1219ECC0B00E9583C /* CryptoCompareUITests.xctest */;
			productType = "com.apple.product-type.bundle.ui-testing";
		};
/* End PBXNativeTarget section */

/* Begin PBXProject section */
		B89CBF7A219ECC0A00E9583C /* Project object */ = {
			isa = PBXProject;
			attributes = {
				LastSwiftUpdateCheck = 1010;
				LastUpgradeCheck = 1010;
				ORGANIZATIONNAME = "Juan Miguel Marques Morilla";
				TargetAttributes = {
					B89CBF81219ECC0A00E9583C = {
						CreatedOnToolsVersion = 10.1;
					};
					B89CBF95219ECC0B00E9583C = {
						CreatedOnToolsVersion = 10.1;
						LastSwiftMigration = 1010;
						TestTargetID = B89CBF81219ECC0A00E9583C;
					};
					B89CBFA0219ECC0B00E9583C = {
						CreatedOnToolsVersion = 10.1;
						TestTargetID = B89CBF81219ECC0A00E9583C;
					};
				};
			};
			buildConfigurationList = B89CBF7D219ECC0A00E9583C /* Build configuration list for PBXProject "CryptoCompare" */;
			compatibilityVersion = "Xcode 9.3";
			developmentRegion = en;
			hasScannedForEncodings = 0;
			knownRegions = (
				en,
				Base,
			);
			mainGroup = B89CBF79219ECC0A00E9583C;
			productRefGroup = B89CBF83219ECC0A00E9583C /* Products */;
			projectDirPath = "";
			projectRoot = "";
			targets = (
				B89CBF81219ECC0A00E9583C /* CryptoCompare */,
				B89CBF95219ECC0B00E9583C /* CryptoCompareTests */,
				B89CBFA0219ECC0B00E9583C /* CryptoCompareUITests */,
			);
		};
/* End PBXProject section */

/* Begin PBXResourcesBuildPhase section */
		B89CBF80219ECC0A00E9583C /* Resources */ = {
			isa = PBXResourcesBuildPhase;
			buildActionMask = 2147483647;
			files = (
				B89CBF90219ECC0B00E9583C /* LaunchScreen.storyboard in Resources */,
				B89CBF8D219ECC0B00E9583C /* Assets.xcassets in Resources */,
				B89CBF8B219ECC0A00E9583C /* Main.storyboard in Resources */,
			);
			runOnlyForDeploymentPostprocessing = 0;
		};
		B89CBF94219ECC0B00E9583C /* Resources */ = {
			isa = PBXResourcesBuildPhase;
			buildActionMask = 2147483647;
			files = (
			);
			runOnlyForDeploymentPostprocessing = 0;
		};
		B89CBF9F219ECC0B00E9583C /* Resources */ = {
			isa = PBXResourcesBuildPhase;
			buildActionMask = 2147483647;
			files = (
			);
			runOnlyForDeploymentPostprocessing = 0;
		};
/* End PBXResourcesBuildPhase section */

/* Begin PBXShellScriptBuildPhase section */
		1BF43E1A271B5E8DF3935BEB /* [CP] Embed Pods Frameworks */ = {
			isa = PBXShellScriptBuildPhase;
			buildActionMask = 2147483647;
			files = (
			);
			inputPaths = (
				"${SRCROOT}/Pods/Target Support Files/Pods-CryptoCompare-CryptoCompareTests/Pods-CryptoCompare-CryptoCompareTests-frameworks.sh",
				"${BUILT_PRODUCTS_DIR}/Alamofire/Alamofire.framework",
				"${BUILT_PRODUCTS_DIR}/ObjectMapper/ObjectMapper.framework",
				"${BUILT_PRODUCTS_DIR}/PKHUD/PKHUD.framework",
				"${BUILT_PRODUCTS_DIR}/RxAlamofire/RxAlamofire.framework",
				"${BUILT_PRODUCTS_DIR}/RxAtomic/RxAtomic.framework",
				"${BUILT_PRODUCTS_DIR}/RxCocoa/RxCocoa.framework",
				"${BUILT_PRODUCTS_DIR}/RxSwift/RxSwift.framework",
				"${BUILT_PRODUCTS_DIR}/RxBlocking/RxBlocking.framework",
				"${BUILT_PRODUCTS_DIR}/RxTest/RxTest.framework",
			);
			name = "[CP] Embed Pods Frameworks";
			outputPaths = (
				"${TARGET_BUILD_DIR}/${FRAMEWORKS_FOLDER_PATH}/Alamofire.framework",
				"${TARGET_BUILD_DIR}/${FRAMEWORKS_FOLDER_PATH}/ObjectMapper.framework",
				"${TARGET_BUILD_DIR}/${FRAMEWORKS_FOLDER_PATH}/PKHUD.framework",
				"${TARGET_BUILD_DIR}/${FRAMEWORKS_FOLDER_PATH}/RxAlamofire.framework",
				"${TARGET_BUILD_DIR}/${FRAMEWORKS_FOLDER_PATH}/RxAtomic.framework",
				"${TARGET_BUILD_DIR}/${FRAMEWORKS_FOLDER_PATH}/RxCocoa.framework",
				"${TARGET_BUILD_DIR}/${FRAMEWORKS_FOLDER_PATH}/RxSwift.framework",
				"${TARGET_BUILD_DIR}/${FRAMEWORKS_FOLDER_PATH}/RxBlocking.framework",
				"${TARGET_BUILD_DIR}/${FRAMEWORKS_FOLDER_PATH}/RxTest.framework",
			);
			runOnlyForDeploymentPostprocessing = 0;
			shellPath = /bin/sh;
			shellScript = "\"${SRCROOT}/Pods/Target Support Files/Pods-CryptoCompare-CryptoCompareTests/Pods-CryptoCompare-CryptoCompareTests-frameworks.sh\"\n";
			showEnvVarsInLog = 0;
		};
		65BAB1833881F989106BA13D /* [CP] Embed Pods Frameworks */ = {
			isa = PBXShellScriptBuildPhase;
			buildActionMask = 2147483647;
			files = (
			);
			inputPaths = (
				"${SRCROOT}/Pods/Target Support Files/Pods-CryptoCompare-CryptoCompareUITests/Pods-CryptoCompare-CryptoCompareUITests-frameworks.sh",
				"${BUILT_PRODUCTS_DIR}/Alamofire/Alamofire.framework",
				"${BUILT_PRODUCTS_DIR}/ObjectMapper/ObjectMapper.framework",
				"${BUILT_PRODUCTS_DIR}/PKHUD/PKHUD.framework",
				"${BUILT_PRODUCTS_DIR}/RxAlamofire/RxAlamofire.framework",
				"${BUILT_PRODUCTS_DIR}/RxAtomic/RxAtomic.framework",
				"${BUILT_PRODUCTS_DIR}/RxCocoa/RxCocoa.framework",
				"${BUILT_PRODUCTS_DIR}/RxSwift/RxSwift.framework",
				"${BUILT_PRODUCTS_DIR}/RxBlocking/RxBlocking.framework",
				"${BUILT_PRODUCTS_DIR}/RxTest/RxTest.framework",
			);
			name = "[CP] Embed Pods Frameworks";
			outputPaths = (
				"${TARGET_BUILD_DIR}/${FRAMEWORKS_FOLDER_PATH}/Alamofire.framework",
				"${TARGET_BUILD_DIR}/${FRAMEWORKS_FOLDER_PATH}/ObjectMapper.framework",
				"${TARGET_BUILD_DIR}/${FRAMEWORKS_FOLDER_PATH}/PKHUD.framework",
				"${TARGET_BUILD_DIR}/${FRAMEWORKS_FOLDER_PATH}/RxAlamofire.framework",
				"${TARGET_BUILD_DIR}/${FRAMEWORKS_FOLDER_PATH}/RxAtomic.framework",
				"${TARGET_BUILD_DIR}/${FRAMEWORKS_FOLDER_PATH}/RxCocoa.framework",
				"${TARGET_BUILD_DIR}/${FRAMEWORKS_FOLDER_PATH}/RxSwift.framework",
				"${TARGET_BUILD_DIR}/${FRAMEWORKS_FOLDER_PATH}/RxBlocking.framework",
				"${TARGET_BUILD_DIR}/${FRAMEWORKS_FOLDER_PATH}/RxTest.framework",
			);
			runOnlyForDeploymentPostprocessing = 0;
			shellPath = /bin/sh;
			shellScript = "\"${SRCROOT}/Pods/Target Support Files/Pods-CryptoCompare-CryptoCompareUITests/Pods-CryptoCompare-CryptoCompareUITests-frameworks.sh\"\n";
			showEnvVarsInLog = 0;
		};
		6AC32C6629C031B1D0CCC5B4 /* [CP] Check Pods Manifest.lock */ = {
			isa = PBXShellScriptBuildPhase;
			buildActionMask = 2147483647;
			files = (
			);
			inputPaths = (
				"${PODS_PODFILE_DIR_PATH}/Podfile.lock",
				"${PODS_ROOT}/Manifest.lock",
			);
			name = "[CP] Check Pods Manifest.lock";
			outputPaths = (
				"$(DERIVED_FILE_DIR)/Pods-CryptoCompare-checkManifestLockResult.txt",
			);
			runOnlyForDeploymentPostprocessing = 0;
			shellPath = /bin/sh;
			shellScript = "diff \"${PODS_PODFILE_DIR_PATH}/Podfile.lock\" \"${PODS_ROOT}/Manifest.lock\" > /dev/null\nif [ $? != 0 ] ; then\n    # print error to STDERR\n    echo \"error: The sandbox is not in sync with the Podfile.lock. Run 'pod install' or update your CocoaPods installation.\" >&2\n    exit 1\nfi\n# This output is used by Xcode 'outputs' to avoid re-running this script phase.\necho \"SUCCESS\" > \"${SCRIPT_OUTPUT_FILE_0}\"\n";
			showEnvVarsInLog = 0;
		};
		B66C99C093FF5562611639BF /* [CP] Embed Pods Frameworks */ = {
			isa = PBXShellScriptBuildPhase;
			buildActionMask = 2147483647;
			files = (
			);
			inputPaths = (
				"${SRCROOT}/Pods/Target Support Files/Pods-CryptoCompare/Pods-CryptoCompare-frameworks.sh",
				"${BUILT_PRODUCTS_DIR}/Alamofire/Alamofire.framework",
				"${BUILT_PRODUCTS_DIR}/ObjectMapper/ObjectMapper.framework",
				"${BUILT_PRODUCTS_DIR}/PKHUD/PKHUD.framework",
				"${BUILT_PRODUCTS_DIR}/RxAlamofire/RxAlamofire.framework",
				"${BUILT_PRODUCTS_DIR}/RxAtomic/RxAtomic.framework",
				"${BUILT_PRODUCTS_DIR}/RxCocoa/RxCocoa.framework",
				"${BUILT_PRODUCTS_DIR}/RxSwift/RxSwift.framework",
			);
			name = "[CP] Embed Pods Frameworks";
			outputPaths = (
				"${TARGET_BUILD_DIR}/${FRAMEWORKS_FOLDER_PATH}/Alamofire.framework",
				"${TARGET_BUILD_DIR}/${FRAMEWORKS_FOLDER_PATH}/ObjectMapper.framework",
				"${TARGET_BUILD_DIR}/${FRAMEWORKS_FOLDER_PATH}/PKHUD.framework",
				"${TARGET_BUILD_DIR}/${FRAMEWORKS_FOLDER_PATH}/RxAlamofire.framework",
				"${TARGET_BUILD_DIR}/${FRAMEWORKS_FOLDER_PATH}/RxAtomic.framework",
				"${TARGET_BUILD_DIR}/${FRAMEWORKS_FOLDER_PATH}/RxCocoa.framework",
				"${TARGET_BUILD_DIR}/${FRAMEWORKS_FOLDER_PATH}/RxSwift.framework",
			);
			runOnlyForDeploymentPostprocessing = 0;
			shellPath = /bin/sh;
			shellScript = "\"${SRCROOT}/Pods/Target Support Files/Pods-CryptoCompare/Pods-CryptoCompare-frameworks.sh\"\n";
			showEnvVarsInLog = 0;
		};
		DEB9FFA92C5FA99A4E3A5A05 /* [CP] Check Pods Manifest.lock */ = {
			isa = PBXShellScriptBuildPhase;
			buildActionMask = 2147483647;
			files = (
			);
			inputPaths = (
				"${PODS_PODFILE_DIR_PATH}/Podfile.lock",
				"${PODS_ROOT}/Manifest.lock",
			);
			name = "[CP] Check Pods Manifest.lock";
			outputPaths = (
				"$(DERIVED_FILE_DIR)/Pods-CryptoCompare-CryptoCompareUITests-checkManifestLockResult.txt",
			);
			runOnlyForDeploymentPostprocessing = 0;
			shellPath = /bin/sh;
			shellScript = "diff \"${PODS_PODFILE_DIR_PATH}/Podfile.lock\" \"${PODS_ROOT}/Manifest.lock\" > /dev/null\nif [ $? != 0 ] ; then\n    # print error to STDERR\n    echo \"error: The sandbox is not in sync with the Podfile.lock. Run 'pod install' or update your CocoaPods installation.\" >&2\n    exit 1\nfi\n# This output is used by Xcode 'outputs' to avoid re-running this script phase.\necho \"SUCCESS\" > \"${SCRIPT_OUTPUT_FILE_0}\"\n";
			showEnvVarsInLog = 0;
		};
		FA3A73C58807491B0B37CA22 /* [CP] Check Pods Manifest.lock */ = {
			isa = PBXShellScriptBuildPhase;
			buildActionMask = 2147483647;
			files = (
			);
			inputPaths = (
				"${PODS_PODFILE_DIR_PATH}/Podfile.lock",
				"${PODS_ROOT}/Manifest.lock",
			);
			name = "[CP] Check Pods Manifest.lock";
			outputPaths = (
				"$(DERIVED_FILE_DIR)/Pods-CryptoCompare-CryptoCompareTests-checkManifestLockResult.txt",
			);
			runOnlyForDeploymentPostprocessing = 0;
			shellPath = /bin/sh;
			shellScript = "diff \"${PODS_PODFILE_DIR_PATH}/Podfile.lock\" \"${PODS_ROOT}/Manifest.lock\" > /dev/null\nif [ $? != 0 ] ; then\n    # print error to STDERR\n    echo \"error: The sandbox is not in sync with the Podfile.lock. Run 'pod install' or update your CocoaPods installation.\" >&2\n    exit 1\nfi\n# This output is used by Xcode 'outputs' to avoid re-running this script phase.\necho \"SUCCESS\" > \"${SCRIPT_OUTPUT_FILE_0}\"\n";
			showEnvVarsInLog = 0;
		};
/* End PBXShellScriptBuildPhase section */

/* Begin PBXSourcesBuildPhase section */
		B89CBF7E219ECC0A00E9583C /* Sources */ = {
			isa = PBXSourcesBuildPhase;
			buildActionMask = 2147483647;
			files = (
				B818CEDC21BAD67D00332619 /* CryptoListViewController.swift in Sources */,
				B8BB1C2A21C0097800A8828E /* CMCRepository.swift in Sources */,
				B899376421BE8F1A004AFA55 /* BaseViewModel.swift in Sources */,
				B818CEDA21BAD66200332619 /* BaseViewController.swift in Sources */,
				D0B1209321C677420031E4A3 /* BaseViewModelProtocol.swift in Sources */,
				B818CECF21BAD31000332619 /* AppCoordinator.swift in Sources */,
				D0B1209021C674880031E4A3 /* Layout.swift in Sources */,
				B8B3F70A21C7FBED0002D97D /* Utils.swift in Sources */,
				B818CECD21BAD30600332619 /* CoordinatorProtocol.swift in Sources */,
				D0B1209521C677F20031E4A3 /* BaseViewProtocol.swift in Sources */,
				B818CEE021BADA7600332619 /* CryptoCurrency.swift in Sources */,
				B818CEE321BADCFC00332619 /* Constants.swift in Sources */,
				B89CBF86219ECC0A00E9583C /* AppDelegate.swift in Sources */,
				B818CEDE21BAD6D300332619 /* CryptoListViewModel.swift in Sources */,
				B899376221BE8504004AFA55 /* CryptoTableViewCell.swift in Sources */,
				B818CED421BAD49200332619 /* CryptoListCoordinator.swift in Sources */,
			);
			runOnlyForDeploymentPostprocessing = 0;
		};
		B89CBF92219ECC0B00E9583C /* Sources */ = {
			isa = PBXSourcesBuildPhase;
			buildActionMask = 2147483647;
			files = (
				B8BB1C2221BFE04300A8828E /* CryptoListViewModelTest.swift in Sources */,
			);
			runOnlyForDeploymentPostprocessing = 0;
		};
		B89CBF9D219ECC0B00E9583C /* Sources */ = {
			isa = PBXSourcesBuildPhase;
			buildActionMask = 2147483647;
			files = (
				B89CBFA6219ECC0B00E9583C /* CryptoCompareUITests.swift in Sources */,
			);
			runOnlyForDeploymentPostprocessing = 0;
		};
/* End PBXSourcesBuildPhase section */

/* Begin PBXTargetDependency section */
		B89CBF98219ECC0B00E9583C /* PBXTargetDependency */ = {
			isa = PBXTargetDependency;
			target = B89CBF81219ECC0A00E9583C /* CryptoCompare */;
			targetProxy = B89CBF97219ECC0B00E9583C /* PBXContainerItemProxy */;
		};
		B89CBFA3219ECC0B00E9583C /* PBXTargetDependency */ = {
			isa = PBXTargetDependency;
			target = B89CBF81219ECC0A00E9583C /* CryptoCompare */;
			targetProxy = B89CBFA2219ECC0B00E9583C /* PBXContainerItemProxy */;
		};
/* End PBXTargetDependency section */

/* Begin PBXVariantGroup section */
		B89CBF89219ECC0A00E9583C /* Main.storyboard */ = {
			isa = PBXVariantGroup;
			children = (
				B89CBF8A219ECC0A00E9583C /* Base */,
			);
			name = Main.storyboard;
			sourceTree = "<group>";
		};
		B89CBF8E219ECC0B00E9583C /* LaunchScreen.storyboard */ = {
			isa = PBXVariantGroup;
			children = (
				B89CBF8F219ECC0B00E9583C /* Base */,
			);
			name = LaunchScreen.storyboard;
			sourceTree = "<group>";
		};
/* End PBXVariantGroup section */

/* Begin XCBuildConfiguration section */
		B89CBFA8219ECC0B00E9583C /* Debug */ = {
			isa = XCBuildConfiguration;
			buildSettings = {
				ALWAYS_SEARCH_USER_PATHS = NO;
				CLANG_ANALYZER_NONNULL = YES;
				CLANG_ANALYZER_NUMBER_OBJECT_CONVERSION = YES_AGGRESSIVE;
				CLANG_CXX_LANGUAGE_STANDARD = "gnu++14";
				CLANG_CXX_LIBRARY = "libc++";
				CLANG_ENABLE_MODULES = YES;
				CLANG_ENABLE_OBJC_ARC = YES;
				CLANG_ENABLE_OBJC_WEAK = YES;
				CLANG_WARN_BLOCK_CAPTURE_AUTORELEASING = YES;
				CLANG_WARN_BOOL_CONVERSION = YES;
				CLANG_WARN_COMMA = YES;
				CLANG_WARN_CONSTANT_CONVERSION = YES;
				CLANG_WARN_DEPRECATED_OBJC_IMPLEMENTATIONS = YES;
				CLANG_WARN_DIRECT_OBJC_ISA_USAGE = YES_ERROR;
				CLANG_WARN_DOCUMENTATION_COMMENTS = YES;
				CLANG_WARN_EMPTY_BODY = YES;
				CLANG_WARN_ENUM_CONVERSION = YES;
				CLANG_WARN_INFINITE_RECURSION = YES;
				CLANG_WARN_INT_CONVERSION = YES;
				CLANG_WARN_NON_LITERAL_NULL_CONVERSION = YES;
				CLANG_WARN_OBJC_IMPLICIT_RETAIN_SELF = YES;
				CLANG_WARN_OBJC_LITERAL_CONVERSION = YES;
				CLANG_WARN_OBJC_ROOT_CLASS = YES_ERROR;
				CLANG_WARN_RANGE_LOOP_ANALYSIS = YES;
				CLANG_WARN_STRICT_PROTOTYPES = YES;
				CLANG_WARN_SUSPICIOUS_MOVE = YES;
				CLANG_WARN_UNGUARDED_AVAILABILITY = YES_AGGRESSIVE;
				CLANG_WARN_UNREACHABLE_CODE = YES;
				CLANG_WARN__DUPLICATE_METHOD_MATCH = YES;
				CODE_SIGN_IDENTITY = "iPhone Developer";
				COPY_PHASE_STRIP = NO;
				DEBUG_INFORMATION_FORMAT = dwarf;
				ENABLE_STRICT_OBJC_MSGSEND = YES;
				ENABLE_TESTABILITY = YES;
				GCC_C_LANGUAGE_STANDARD = gnu11;
				GCC_DYNAMIC_NO_PIC = NO;
				GCC_NO_COMMON_BLOCKS = YES;
				GCC_OPTIMIZATION_LEVEL = 0;
				GCC_PREPROCESSOR_DEFINITIONS = (
					"DEBUG=1",
					"$(inherited)",
				);
				GCC_WARN_64_TO_32_BIT_CONVERSION = YES;
				GCC_WARN_ABOUT_RETURN_TYPE = YES_ERROR;
				GCC_WARN_UNDECLARED_SELECTOR = YES;
				GCC_WARN_UNINITIALIZED_AUTOS = YES_AGGRESSIVE;
				GCC_WARN_UNUSED_FUNCTION = YES;
				GCC_WARN_UNUSED_VARIABLE = YES;
				IPHONEOS_DEPLOYMENT_TARGET = 12.1;
				MTL_ENABLE_DEBUG_INFO = INCLUDE_SOURCE;
				MTL_FAST_MATH = YES;
				ONLY_ACTIVE_ARCH = YES;
				SDKROOT = iphoneos;
				SWIFT_ACTIVE_COMPILATION_CONDITIONS = DEBUG;
				SWIFT_OPTIMIZATION_LEVEL = "-Onone";
			};
			name = Debug;
		};
		B89CBFA9219ECC0B00E9583C /* Release */ = {
			isa = XCBuildConfiguration;
			buildSettings = {
				ALWAYS_SEARCH_USER_PATHS = NO;
				CLANG_ANALYZER_NONNULL = YES;
				CLANG_ANALYZER_NUMBER_OBJECT_CONVERSION = YES_AGGRESSIVE;
				CLANG_CXX_LANGUAGE_STANDARD = "gnu++14";
				CLANG_CXX_LIBRARY = "libc++";
				CLANG_ENABLE_MODULES = YES;
				CLANG_ENABLE_OBJC_ARC = YES;
				CLANG_ENABLE_OBJC_WEAK = YES;
				CLANG_WARN_BLOCK_CAPTURE_AUTORELEASING = YES;
				CLANG_WARN_BOOL_CONVERSION = YES;
				CLANG_WARN_COMMA = YES;
				CLANG_WARN_CONSTANT_CONVERSION = YES;
				CLANG_WARN_DEPRECATED_OBJC_IMPLEMENTATIONS = YES;
				CLANG_WARN_DIRECT_OBJC_ISA_USAGE = YES_ERROR;
				CLANG_WARN_DOCUMENTATION_COMMENTS = YES;
				CLANG_WARN_EMPTY_BODY = YES;
				CLANG_WARN_ENUM_CONVERSION = YES;
				CLANG_WARN_INFINITE_RECURSION = YES;
				CLANG_WARN_INT_CONVERSION = YES;
				CLANG_WARN_NON_LITERAL_NULL_CONVERSION = YES;
				CLANG_WARN_OBJC_IMPLICIT_RETAIN_SELF = YES;
				CLANG_WARN_OBJC_LITERAL_CONVERSION = YES;
				CLANG_WARN_OBJC_ROOT_CLASS = YES_ERROR;
				CLANG_WARN_RANGE_LOOP_ANALYSIS = YES;
				CLANG_WARN_STRICT_PROTOTYPES = YES;
				CLANG_WARN_SUSPICIOUS_MOVE = YES;
				CLANG_WARN_UNGUARDED_AVAILABILITY = YES_AGGRESSIVE;
				CLANG_WARN_UNREACHABLE_CODE = YES;
				CLANG_WARN__DUPLICATE_METHOD_MATCH = YES;
				CODE_SIGN_IDENTITY = "iPhone Developer";
				COPY_PHASE_STRIP = NO;
				DEBUG_INFORMATION_FORMAT = "dwarf-with-dsym";
				ENABLE_NS_ASSERTIONS = NO;
				ENABLE_STRICT_OBJC_MSGSEND = YES;
				GCC_C_LANGUAGE_STANDARD = gnu11;
				GCC_NO_COMMON_BLOCKS = YES;
				GCC_WARN_64_TO_32_BIT_CONVERSION = YES;
				GCC_WARN_ABOUT_RETURN_TYPE = YES_ERROR;
				GCC_WARN_UNDECLARED_SELECTOR = YES;
				GCC_WARN_UNINITIALIZED_AUTOS = YES_AGGRESSIVE;
				GCC_WARN_UNUSED_FUNCTION = YES;
				GCC_WARN_UNUSED_VARIABLE = YES;
				IPHONEOS_DEPLOYMENT_TARGET = 12.1;
				MTL_ENABLE_DEBUG_INFO = NO;
				MTL_FAST_MATH = YES;
				SDKROOT = iphoneos;
				SWIFT_COMPILATION_MODE = wholemodule;
				SWIFT_OPTIMIZATION_LEVEL = "-O";
				VALIDATE_PRODUCT = YES;
			};
			name = Release;
		};
		B89CBFAB219ECC0B00E9583C /* Debug */ = {
			isa = XCBuildConfiguration;
			baseConfigurationReference = 0F6167CE07B888F1D70C7858 /* Pods-CryptoCompare.debug.xcconfig */;
			buildSettings = {
				ALWAYS_EMBED_SWIFT_STANDARD_LIBRARIES = "$(inherited)";
				ASSETCATALOG_COMPILER_APPICON_NAME = AppIcon;
				CODE_SIGN_STYLE = Automatic;
				DEVELOPMENT_TEAM = J98FW8N44Z;
				INFOPLIST_FILE = CryptoCompare/Info.plist;
				IPHONEOS_DEPLOYMENT_TARGET = 12.0;
				LD_RUNPATH_SEARCH_PATHS = (
					"$(inherited)",
					"@executable_path/Frameworks",
				);
				PRODUCT_BUNDLE_IDENTIFIER = com.imark.CryptoCompare;
				PRODUCT_NAME = "$(TARGET_NAME)";
				SWIFT_VERSION = 4.2;
				TARGETED_DEVICE_FAMILY = "1,2";
			};
			name = Debug;
		};
		B89CBFAC219ECC0B00E9583C /* Release */ = {
			isa = XCBuildConfiguration;
			baseConfigurationReference = 582AE352032D09ED136E3915 /* Pods-CryptoCompare.release.xcconfig */;
			buildSettings = {
				ALWAYS_EMBED_SWIFT_STANDARD_LIBRARIES = "$(inherited)";
				ASSETCATALOG_COMPILER_APPICON_NAME = AppIcon;
				CODE_SIGN_STYLE = Automatic;
				DEVELOPMENT_TEAM = J98FW8N44Z;
				INFOPLIST_FILE = CryptoCompare/Info.plist;
				IPHONEOS_DEPLOYMENT_TARGET = 12.0;
				LD_RUNPATH_SEARCH_PATHS = (
					"$(inherited)",
					"@executable_path/Frameworks",
				);
				PRODUCT_BUNDLE_IDENTIFIER = com.imark.CryptoCompare;
				PRODUCT_NAME = "$(TARGET_NAME)";
				SWIFT_VERSION = 4.2;
				TARGETED_DEVICE_FAMILY = "1,2";
			};
			name = Release;
		};
		B89CBFAE219ECC0B00E9583C /* Debug */ = {
			isa = XCBuildConfiguration;
			baseConfigurationReference = 9C91B6F3436A2FAD0EB9777D /* Pods-CryptoCompare-CryptoCompareTests.debug.xcconfig */;
			buildSettings = {
				ALWAYS_EMBED_SWIFT_STANDARD_LIBRARIES = "$(inherited)";
				BUNDLE_LOADER = "$(TEST_HOST)";
				CLANG_ENABLE_MODULES = YES;
				CODE_SIGN_STYLE = Automatic;
				DEVELOPMENT_TEAM = J98FW8N44Z;
				INFOPLIST_FILE = CryptoCompareTests/Info.plist;
				LD_RUNPATH_SEARCH_PATHS = (
					"$(inherited)",
					"@executable_path/Frameworks",
					"@loader_path/Frameworks",
				);
				PRODUCT_BUNDLE_IDENTIFIER = com.imark.CryptoCompareTests;
				PRODUCT_NAME = "$(TARGET_NAME)";
				SWIFT_OPTIMIZATION_LEVEL = "-Onone";
				SWIFT_VERSION = 4.2;
				TARGETED_DEVICE_FAMILY = "1,2";
				TEST_HOST = "$(BUILT_PRODUCTS_DIR)/CryptoCompare.app/CryptoCompare";
			};
			name = Debug;
		};
		B89CBFAF219ECC0B00E9583C /* Release */ = {
			isa = XCBuildConfiguration;
			baseConfigurationReference = AEE053E7161E3AC3B678010F /* Pods-CryptoCompare-CryptoCompareTests.release.xcconfig */;
			buildSettings = {
				ALWAYS_EMBED_SWIFT_STANDARD_LIBRARIES = "$(inherited)";
				BUNDLE_LOADER = "$(TEST_HOST)";
				CLANG_ENABLE_MODULES = YES;
				CODE_SIGN_STYLE = Automatic;
				DEVELOPMENT_TEAM = J98FW8N44Z;
				INFOPLIST_FILE = CryptoCompareTests/Info.plist;
				LD_RUNPATH_SEARCH_PATHS = (
					"$(inherited)",
					"@executable_path/Frameworks",
					"@loader_path/Frameworks",
				);
				PRODUCT_BUNDLE_IDENTIFIER = com.imark.CryptoCompareTests;
				PRODUCT_NAME = "$(TARGET_NAME)";
				SWIFT_VERSION = 4.2;
				TARGETED_DEVICE_FAMILY = "1,2";
				TEST_HOST = "$(BUILT_PRODUCTS_DIR)/CryptoCompare.app/CryptoCompare";
			};
			name = Release;
		};
		B89CBFB1219ECC0B00E9583C /* Debug */ = {
			isa = XCBuildConfiguration;
			baseConfigurationReference = 8521A9B9A07C372C7A8D0343 /* Pods-CryptoCompare-CryptoCompareUITests.debug.xcconfig */;
			buildSettings = {
				ALWAYS_EMBED_SWIFT_STANDARD_LIBRARIES = "$(inherited)";
				CODE_SIGN_STYLE = Automatic;
				DEVELOPMENT_TEAM = J98FW8N44Z;
				INFOPLIST_FILE = CryptoCompareUITests/Info.plist;
				LD_RUNPATH_SEARCH_PATHS = (
					"$(inherited)",
					"@executable_path/Frameworks",
					"@loader_path/Frameworks",
				);
				PRODUCT_BUNDLE_IDENTIFIER = com.imark.CryptoCompareUITests;
				PRODUCT_NAME = "$(TARGET_NAME)";
				SWIFT_VERSION = 4.2;
				TARGETED_DEVICE_FAMILY = "1,2";
				TEST_TARGET_NAME = CryptoCompare;
			};
			name = Debug;
		};
		B89CBFB2219ECC0B00E9583C /* Release */ = {
			isa = XCBuildConfiguration;
			baseConfigurationReference = 5E4FA2E0C7379CD669C3FC52 /* Pods-CryptoCompare-CryptoCompareUITests.release.xcconfig */;
			buildSettings = {
				ALWAYS_EMBED_SWIFT_STANDARD_LIBRARIES = "$(inherited)";
				CODE_SIGN_STYLE = Automatic;
				DEVELOPMENT_TEAM = J98FW8N44Z;
				INFOPLIST_FILE = CryptoCompareUITests/Info.plist;
				LD_RUNPATH_SEARCH_PATHS = (
					"$(inherited)",
					"@executable_path/Frameworks",
					"@loader_path/Frameworks",
				);
				PRODUCT_BUNDLE_IDENTIFIER = com.imark.CryptoCompareUITests;
				PRODUCT_NAME = "$(TARGET_NAME)";
				SWIFT_VERSION = 4.2;
				TARGETED_DEVICE_FAMILY = "1,2";
				TEST_TARGET_NAME = CryptoCompare;
			};
			name = Release;
		};
/* End XCBuildConfiguration section */

/* Begin XCConfigurationList section */
		B89CBF7D219ECC0A00E9583C /* Build configuration list for PBXProject "CryptoCompare" */ = {
			isa = XCConfigurationList;
			buildConfigurations = (
				B89CBFA8219ECC0B00E9583C /* Debug */,
				B89CBFA9219ECC0B00E9583C /* Release */,
			);
			defaultConfigurationIsVisible = 0;
			defaultConfigurationName = Release;
		};
		B89CBFAA219ECC0B00E9583C /* Build configuration list for PBXNativeTarget "CryptoCompare" */ = {
			isa = XCConfigurationList;
			buildConfigurations = (
				B89CBFAB219ECC0B00E9583C /* Debug */,
				B89CBFAC219ECC0B00E9583C /* Release */,
			);
			defaultConfigurationIsVisible = 0;
			defaultConfigurationName = Release;
		};
		B89CBFAD219ECC0B00E9583C /* Build configuration list for PBXNativeTarget "CryptoCompareTests" */ = {
			isa = XCConfigurationList;
			buildConfigurations = (
				B89CBFAE219ECC0B00E9583C /* Debug */,
				B89CBFAF219ECC0B00E9583C /* Release */,
			);
			defaultConfigurationIsVisible = 0;
			defaultConfigurationName = Release;
		};
		B89CBFB0219ECC0B00E9583C /* Build configuration list for PBXNativeTarget "CryptoCompareUITests" */ = {
			isa = XCConfigurationList;
			buildConfigurations = (
				B89CBFB1219ECC0B00E9583C /* Debug */,
				B89CBFB2219ECC0B00E9583C /* Release */,
			);
			defaultConfigurationIsVisible = 0;
			defaultConfigurationName = Release;
		};
/* End XCConfigurationList section */
	};
	rootObject = B89CBF7A219ECC0A00E9583C /* Project object */;
}
